id: brew:conda-lock
display-name: conda-lock
homepage: https://github.com/conda/conda-lock
repo: null
package-manager:
  brew: conda-lock
package-manager-url: https://formulae.brew.sh/formula/conda-lock
version: 4.0.0
license: MIT
description: Lightweight lockfile for conda environments
source-archive: >
  https://files.pythonhosted.org/packages/96/5d/fed650427a858cacf41f2827d8c00e5fcc6619c05d17ce352f3960bcaea3/conda_lock-4.0.0.tar.gz
executables:
  - conda-lock
provenance:
  formula: conda-lock
  provider: brew
  source: https://formulae.brew.sh/api/formula.json
