id: brew:sherlock
display-name: sherlock
homepage: https://sherlockproject.xyz/
repo: >
  https://files.pythonhosted.org/packages/76/17/d29f35df6ec6424ec15f273a31ad54ad314d1f9056321fb824bed4eda128/sherlock_project-0.16.0.tar.gz
docs: https://sherlockproject.xyz/
package-manager:
  brew: sherlock
  debian: sherlock
  nix: sherlock
  ubuntu: sherlock
package-manager-url: https://formulae.brew.sh/formula/sherlock
version: 0.16.0
license: MIT
category: network
tags:
  - cli
description: Hunt down social media accounts by username
source-archive: >
  https://files.pythonhosted.org/packages/76/17/d29f35df6ec6424ec15f273a31ad54ad314d1f9056321fb824bed4eda128/sherlock_project-0.16.0.tar.gz
dependencies:
  - certifi
  - numpy
  - python@3.14
build-dependencies:
  - cmake
executables:
  - exposure: global executable
    kind: cli
    name: sherlock
bottle:
  available: true
  platforms:
    - arm64_linux
    - arm64_sequoia
    - arm64_sonoma
    - arm64_tahoe
    - sonoma
    - x86_64_linux
  root-url: https://ghcr.io/v2/homebrew/core
install-behavior:
  post-install-defined: false
install-lines:
  av: sudo av install brew:sherlock
  brew: brew install sherlock
  debian: sudo apt install sherlock
  nix: nix profile install nixpkgs#sherlock
  ubuntu: sudo apt install sherlock
provenance:
  formula: sherlock
  provider: brew
  source: https://formulae.brew.sh/api/formula.json
