id: cask:balance-lock
display-name: Balance Lock
homepage: https://www.tunabellysoftware.com/balance_lock
repo: null
package-manager:
  brew-cask: balance-lock
package-manager-url: https://formulae.brew.sh/cask/balance-lock
version: 1.1
description: Prevents audio balance from drifting left or right
source-archive: https://www.tunabellysoftware.com/resources/Balance%20Lock%201.1.dmg
applications:
  - Balance Lock.app
provenance:
  cask: balance-lock
  provider: brew-cask
  source: https://formulae.brew.sh/api/cask.json
