id: brew:conda-lock
display-name: conda-lock
homepage: https://conda.github.io/conda-lock/
repo: https://github.com/conda/conda-lock
docs:
  - https://conda.github.io/conda-lock
category: developer-tools
package-manager:
  brew: conda-lock
package-manager-url: https://formulae.brew.sh/formula/conda-lock
license: MIT
tags:
  - cli
  - conda
  - lockfile
  - package-manager
  - python
  - reproducible-environments
description: Lightweight lockfile for conda environments
executables:
  - conda-lock
provenance:
  formula: conda-lock
  provider: brew
  source: https://formulae.brew.sh/api/formula.json
