id: brew:flock
display-name: flock
homepage: https://github.com/discoteq/flock
repo: https://github.com/discoteq/flock
package-manager:
  apk: flock
  brew: flock
  macports: flock
  nix: flock
  winget: FlockFZ.Flock
package-manager-url: https://formulae.brew.sh/formula/flock
license: ISC
description: Lock file during command
executables:
  - flock
provenance:
  formula: flock
  provider: brew
  source: https://formulae.brew.sh/api/formula.json
