id: brew:flock
display-name: flock(1)
homepage: https://github.com/discoteq/flock
repo: https://github.com/discoteq/flock
docs:
  - https://github.com/discoteq/flock#readme
category: system
package-manager:
  apk: flock
  brew: flock
  macports: flock
  nix: flock
  winget: FlockFZ.Flock
package-manager-url: https://formulae.brew.sh/formula/flock
license: ISC
tags:
  - cli
  - concurrency
  - file-locks
  - locking
  - unix
description: Lock file during command
executables:
  - flock
provenance:
  formula: flock
  provider: brew
  source: https://formulae.brew.sh/api/formula.json
