id: brew:kubectl-klock
display-name: kubectl-klock
homepage: https://github.com/applejag/kubectl-klock
repo: https://github.com/applejag/kubectl-klock
package-manager:
  brew: kubectl-klock
  nix: kubectl-klock
  zypper: kubectl-klock
package-manager-url: https://formulae.brew.sh/formula/kubectl-klock
license: GPL-3.0-or-later AND CC0-1.0
description: Kubectl plugin to render watch output in a more readable fashion
executables:
  - kubectl-klock
  - kubectl_complete-klock
provenance:
  formula: kubectl-klock
  provider: brew
  source: https://formulae.brew.sh/api/formula.json
