id: brew:sherlock
display-name: Sherlock
homepage: https://sherlockproject.xyz/
repo: https://github.com/sherlock-project/sherlock
docs:
  - https://github.com/sherlock-project/sherlock#readme
  - https://sherlockproject.xyz/installation
  - https://sherlockproject.xyz/usage
category: security
package-manager:
  brew: sherlock
  debian: sherlock
  nix: sherlock
  ubuntu: sherlock
package-manager-url: https://formulae.brew.sh/formula/sherlock
version: 0.16.0
license: MIT
tags:
  - cli
  - osint
  - python
  - reconnaissance
  - social-networks
  - username-search
description: Hunt down social media accounts by username
source-archive: >
  https://files.pythonhosted.org/packages/76/17/d29f35df6ec6424ec15f273a31ad54ad314d1f9056321fb824bed4eda128/sherlock_project-0.16.0.tar.gz
executables:
  - sherlock
provenance:
  formula: sherlock
  provider: brew
  source: https://formulae.brew.sh/api/formula.json
