id: brew:sherlock
display-name: sherlock
homepage: https://sherlockproject.xyz/
repo: null
package-manager:
  brew: sherlock
  debian: sherlock
  nix: sherlock
  ubuntu: sherlock
package-manager-url: https://formulae.brew.sh/formula/sherlock
version: 0.16.0
license: MIT
description: Hunt down social media accounts by username
source-archive: '>'
executables:
  - sherlock
provenance:
  formula: sherlock
  provider: brew
  source: https://formulae.brew.sh/api/formula.json
