id: brew:sherlock
display-name: Sherlock
homepage: https://sherlockproject.xyz/
repo: https://github.com/sherlock-project/sherlock
docs:
  - https://github.com/sherlock-project/sherlock#readme
  - https://sherlockproject.xyz/installation
  - https://sherlockproject.xyz/usage
config-file-location: null
credentials-file-location: null
history:
  - >
    Sherlock is a Python OSINT command-line tool created by Siddharth Dushantha and
    maintained by the Sherlock Project to check whether a username appears across
    hundreds of social networks and web services. The project grew into a recognizable
    practitioner tool because it turns a common reconnaissance task into repeatable HTTP
    checks with machine-readable output options.
  - >
    The upstream documentation presents the practical workflow as passing one or more
    usernames to the sherlock command, optionally narrowing by site, using proxies or
    Tor-style network routing where supported by a release, and saving found accounts as
    text, CSV, XLSX, or JSON-oriented results. That has made it useful for security
    researchers, journalists, investigators, and people auditing username reuse, with
    the usual OSINT caveat that matches still need human verification.
  - >
    Distribution reflects that broad audience: the project documents pipx or pip
    installation from PyPI, Docker images, Fedora packages, Homebrew, Debian-family and
    security-distribution packages, and source installs for contributors. Homebrew
    packages the executable for macOS and Linux, while the Sherlock docs distinguish
    official packages from community-maintained packages.
category: security
package-manager:
  brew: sherlock
  debian: sherlock
  nix: sherlock
  ubuntu: sherlock
package-manager-url: https://formulae.brew.sh/formula/sherlock
license: MIT
tags:
  - cli
  - osint
  - python
  - reconnaissance
  - social-networks
  - username-search
description: Hunt down social media accounts by username
executables:
  - sherlock
provenance:
  formula: sherlock
  history-sources:
    - https://github.com/sherlock-project/sherlock
    - https://sherlockproject.xyz/
    - https://sherlockproject.xyz/installation
    - https://sherlockproject.xyz/usage
    - https://formulae.brew.sh/formula/sherlock
  provider: brew
  source: https://formulae.brew.sh/api/formula.json
history-confidence: high
