id: cask:the-clock
display-name: The Clock
homepage: https://seense.com/the_clock/
repo: null
package-manager:
  brew-cask: the-clock
package-manager-url: https://formulae.brew.sh/cask/the-clock
version: 4.9.11
description: Clock and time zone app
source-archive: https://seense.com/the_clock/updateapp/the_clock.zip
applications:
  - The Clock.app
provenance:
  cask: the-clock
  provider: brew-cask
  source: https://formulae.brew.sh/api/cask.json
