id: cask:the-clock
display-name: The Clock
homepage: https://seense.com/the_clock/
repo: null
package-manager:
  brew-cask: the-clock
package-manager-url: https://formulae.brew.sh/cask/the-clock
description: Clock and time zone app
applications:
  - The Clock.app
provenance:
  cask: the-clock
  provider: brew-cask
  source: https://formulae.brew.sh/api/cask.json
