id: brew:tty-clock
display-name: tty-clock
homepage: https://github.com/xorg62/tty-clock
repo: https://github.com/xorg62/tty-clock
docs:
  - https://github.com/xorg62/tty-clock#readme
config-file-location: null
credentials-file-location: null
history:
  adoption-history:
    - >
      The supplied package facts show tty-clock packaged by Homebrew, Alpine, Debian,
      Ubuntu, and Nix. That adoption pattern is typical for terminal toys and small
      productivity utilities: tiny dependency surface, predictable build, and enough
      charm to be worth carrying in package collections.
  package-nerd-significance:
    - >
      tty-clock is package-nerd significant less because of deep project history and
      more because it is the archetype of a packagable terminal nicety: C/ncurses, a
      single binary, a readable usage surface, and cross-distro availability.
  project-history:
    - >
      The official GitHub page describes tty-clock simply as a clock using the ncurses
      library. The README documents a mature option set for seconds, screensaver mode,
      boxed and centered display, colors, bold colors, 12-hour time, UTC, a target tty,
      rebound animation, date formatting, blinking colon, and redraw delays.
  related-projects:
    - ncurses is the terminal UI library named by the official repository description.
    - >
      Other terminal clock and screensaver utilities occupy the same lightweight CLI-toy
      niche.
  sources:
    - https://github.com/xorg62/tty-clock#readme
    - source_facts.package-manager
  summary:
    - >
      tty-clock is a small ncurses digital clock for the terminal. Its official README
      is essentially the command's usage synopsis, which fits the project's role as a
      compact Unix-style utility.
  timeline:
    - 'Undated: Official README documents the `tty-clock` command-line option set.'
    - >
      Current: GitHub repository page lists the project as BSD-3-Clause licensed and
      release-tagged.
    - >
      Current: Supplied package facts list availability across Homebrew, Alpine, Debian,
      Ubuntu, and Nix.
  usage:
    - >
      Users run `tty-clock` in a terminal to display an ncurses clock. The README
      options cover both practical clock display and screensaver-style behavior,
      including positioning, colors, date visibility, UTC, and update timing.
category: productivity
package-manager:
  apk: tty-clock
  brew: tty-clock
  debian: tty-clock
  nix: tty-clock
  ubuntu: tty-clock
package-manager-url: https://formulae.brew.sh/formula/tty-clock
license: BSD-3-Clause
tags:
  - cli
  - clock
  - ncurses
  - terminal
description: Digital clock in ncurses
executables:
  - tty-clock
provenance:
  formula: tty-clock
  provider: brew
  source: https://formulae.brew.sh/api/formula.json
