id: brew:varlock
display-name: Varlock
homepage: https://varlock.dev
repo: https://github.com/dmno-dev/varlock
docs:
  - https://varlock.dev/getting-started/introduction
  - https://varlock.dev/reference/cli-commands
category: security
package-manager:
  brew: varlock
package-manager-url: https://formulae.brew.sh/formula/varlock
license: MIT
tags:
  - cli
  - configuration
  - environment-variables
  - secrets-management
  - typescript
  - validation
description: Add declarative schema to .env files using @env-spec decorator comments
executables:
  - varlock
provenance:
  formula: varlock
  provider: brew
  source: https://formulae.brew.sh/api/formula.json
