id: brew:conda-lock
display-name: conda-lock
repo: https://github.com/conda/conda-lock
docs:
  - https://conda.github.io/conda-lock
tags:
  - cli
  - conda
  - lockfile
  - package-manager
  - python
  - reproducible-environments
provenance:
  category-sources:
    - >
      source_facts.description says lightweight lockfile for conda environments;
      official docs say conda-lock generates fully reproducible lock files for conda
      environments.
  display-name-sources:
    - source_facts.name is conda-lock; official docs and GitHub repository use conda-lock.
  docs-sources:
    - >
      Official GitHub Pages documentation is linked from the conda-lock repository and
      contains features, installation, usage, and CLI reference.
  repo-sources:
    - >
      source_facts.homepage points to the official GitHub repository; official docs link
      back to GitHub and describe conda-lock.
  tags-sources:
    - >
      source_facts.description names conda environment lockfiles; official docs describe
      reproducible lock files, pip support, source formats, and conda installation.
category-confidence: high
category-path:
  - developer-tools
  - package-management
  - environment-locking
display-name-confidence: high
docs-confidence: high
repo-confidence: high
tags-confidence: high
