id: brew:flock
display-name: flock(1)
repo: null
docs:
  - https://github.com/discoteq/flock#readme
config-file-location: null
credentials-file-location: null
tags:
  - cli
  - concurrency
  - file-locks
  - locking
  - unix
provenance:
  category-sources:
    - >
      Official repository https://github.com/discoteq/flock describes flock(1) as
      locking files.
    - source_facts.description says it locks a file during a command.
  display-name-sources:
    - >
      Official repository title at https://github.com/discoteq/flock identifies the
      project as flock(1).
    - source_facts.name is flock.
  docs-sources:
    - >
      No separate official docs site was identified; the official repository README is
      the best documentation surface.
  repo-sources:
    - >
      source_facts.repo is already populated with https://github.com/discoteq/flock;
      repo intentionally returned null per instruction.
  tags-sources:
    - >
      source_facts.description and official repository title both describe file locking
      behavior.
    - source_facts.executables includes flock.
category-confidence: high
category-path:
  - system
  - file-locking
  - process-control
display-name-confidence: high
docs-confidence: medium
repo-confidence: high
tags-confidence: high
