id: brew:hblock
display-name: hBlock
repo: null
docs:
  - https://github.com/hectorm/hblock#readme
  - https://github.com/hectorm/hblock/blob/master/hblock.1.md
tags:
  - ad-blocker
  - cli
  - dns
  - hosts-file
  - malware-blocking
  - privacy
  - shell
geiger:
  category: appliance
  color: green
  confidence: low
  reason: narrow executable package without higher-risk signals
  reasons:
    - narrow executable package without higher-risk signals
  signals:
    - metadata:no-higher-risk-signals
provenance:
  category-sources:
    - >
      Official GitHub README says hBlock blocks ads, tracking scripts, and malware
      domains by creating hosts and related formats.
    - >
      source_facts.description says hBlock creates a hosts file from multiple sources
      for ad blocking.
  display-name-sources:
    - Official README uses hBlock capitalization.
    - source_facts.homepage is the hBlock website.
  docs-sources:
    - >
      Official README states the --help option or hblock.1.md file contains the full
      option list.
    - >
      source_facts.homepage points to the official hBlock site; GitHub README is the
      primary documentation surface.
  repo-sources:
    - >
      source_facts.repo already has value https://github.com/hectorm/hblock; per
      instruction repo returned as null without second-guessing.
  tags-sources:
    - >
      Official GitHub topics include dns, security, tracking, privacy, malware, ads,
      ad-blocker, hosts, and shell.
    - >
      Official README says hBlock blocks ads, tracking scripts, and malware domains
      using hosts files and other formats.
category-confidence: high
category-path:
  - security
  - privacy
  - ad-blocking
display-name-confidence: high
docs-confidence: medium
repo-confidence: high
tags-confidence: high
