id: brew:kubectl-klock
display-name: kubectl-klock
repo: null
docs:
  - https://github.com/applejag/kubectl-klock#readme
config-file-location:
  unix:
    - ~/.kube/config
    - ~/.kube/color.yaml
credentials-file-location: null
history:
  adoption-history:
    - >
      Upstream documents installation through Krew, Snap, Scoop, Nix, pre-built GitHub
      releases, and `go install`, which places it in the normal package-manager and
      kubectl-plugin distribution path rather than only as a one-off binary.
  package-nerd-significance:
    - >
      kubectl-klock is interesting to package maintainers because it is a small kubectl
      plugin distributed through several ecosystems at once: Krew for Kubernetes users,
      Go module installation for developers, and general-purpose package managers for
      shell users.
  project-history:
    - >
      The official GitHub repository was created in 2022 and its README carries 2023
      project copyright notices. The project is maintained as a kubectl plugin with
      Cobra-based CLI plumbing and Kubernetes client-go dependencies.
  related-projects:
    - >
      Related projects include kubectl, Krew, kubecolor, and kubectx, all referenced
      directly or indirectly by the upstream README.
  sources:
    - https://api.github.com/repos/applejag/kubectl-klock
    - https://api.github.com/repos/applejag/kubectl-klock/releases
    - https://github.com/applejag/kubectl-klock
    - https://github.com/applejag/kubectl-klock#readme
  summary:
    - >
      kubectl-klock is a Go-based kubectl plugin that presents Kubernetes watch output
      in a more readable, continuously updated terminal view. Its upstream README
      describes it as similar in spirit to running `watch kubectl get pods`, but using
      Kubernetes watch streaming instead of polling.
  timeline:
    - '2022-09-01: Official GitHub repository was created.'
    - '2023: README copyright notices identify Kalle Fagerberg and project documentation.'
    - '2025-07-21: GitHub releases list v0.8.2.'
    - '2026-05-28: GitHub releases list v0.9.1.'
  usage:
    - >
      Users run `kubectl klock <resource> [name(s)] [flags]` to watch pods, deployments,
      statefulsets, nodes, and other Kubernetes resources. The README documents filters,
      label selectors, all-namespace mode, hotkeys, environment-variable-backed flags,
      and an option to restart the watch when kubeconfig changes.
tags:
  - cli
  - go
  - kubectl-plugin
  - kubernetes
  - terminal
  - watch
provenance:
  category-sources:
    - Official README describes a kubectl plugin for watching Kubernetes resources.
  display-name-sources:
    - Official README title and source_facts.name.
  docs-sources:
    - Official GitHub README is the primary documentation surface.
  history-sources:
    - https://api.github.com/repos/applejag/kubectl-klock
    - https://api.github.com/repos/applejag/kubectl-klock/releases
    - https://github.com/applejag/kubectl-klock
    - https://github.com/applejag/kubectl-klock#readme
  repo-sources:
    - >
      source_facts.repo already contains https://github.com/applejag/kubectl-klock, so
      repo is null per batch instructions.
  tags-sources:
    - Official README usage examples and GitHub repository topics.
category-confidence: high
category-path:
  - cloud-infrastructure
  - kubernetes
display-name-confidence: high
docs-confidence: high
history-confidence: high
repo-confidence: high
tags-confidence: high
