id: brew:sherlock
display-name: Sherlock
repo: https://github.com/sherlock-project/sherlock
docs:
  - https://github.com/sherlock-project/sherlock#readme
  - https://sherlockproject.xyz/installation
  - https://sherlockproject.xyz/usage
tags:
  - cli
  - osint
  - python
  - reconnaissance
  - social-networks
  - username-search
provenance:
  category-sources:
    - >
      source_facts.description says it hunts down social media accounts by username;
      official Sherlock Project README describes username lookup across 400+ social
      networks.
  display-name-sources:
    - Official Sherlock Project site and repository use Sherlock as the project name.
  docs-sources:
    - >
      Official README links to official Installation and Usage pages on
      sherlockproject.xyz; README is also an official documentation fallback.
  repo-sources:
    - >
      Official GitHub organization repository sherlock-project/sherlock is linked from
      the official Sherlock Project site and README.
  tags-sources:
    - >
      Official GitHub README topics include osint, cybersecurity, infosec,
      reconnaissance, and information-gathering; source_facts.description covers
      username search.
category-confidence: high
category-path:
  - security
  - osint
display-name-confidence: high
docs-confidence: high
repo-confidence: high
tags-confidence: high
