id: brew:varlock
display-name: Varlock
repo: https://github.com/dmno-dev/varlock
docs:
  - https://varlock.dev/getting-started/introduction
  - https://varlock.dev/reference/cli-commands
tags:
  - cli
  - configuration
  - environment-variables
  - secrets-management
  - typescript
  - validation
geiger:
  category: appliance
  color: green
  confidence: low
  reason: no executable entrypoint in the package index
  reasons:
    - no executable entrypoint in the package index
  signals:
    - metadata:no-indexed-executables
provenance:
  category-sources:
    - >
      source_facts.description says it adds declarative schema to .env files; official
      varlock.dev introduction describes configuration, secrets, environment-variable
      management, validation, redaction, and leak scanning.
  display-name-sources:
    - >
      source_facts.name is varlock; official varlock.dev and GitHub README use the
      project name Varlock.
  docs-sources:
    - >
      Official varlock.dev documentation contains Getting Started, Guides, Integrations,
      Plugins, and Reference sections, including CLI commands.
  repo-sources:
    - >
      source_facts.repo is empty; official varlock.dev header links to GitHub, and the
      repository README links back to varlock.dev.
  tags-sources:
    - >
      source_facts.executables lists varlock; source_facts.description mentions .env
      schema; official docs describe secrets, validation, type safety, plugins, and
      TypeScript implementation.
category-confidence: high
category-path:
  - security
  - configuration
  - secrets-management
display-name-confidence: high
docs-confidence: high
repo-confidence: high
tags-confidence: high
