id: brew:vtclock
display-name: vtclock
repo: null
docs:
  - https://github.com/dse/vtclock#readme
config-file-location: null
credentials-file-location: null
tags:
  - cli
  - clock
  - terminal
  - text-mode
geiger:
  category: appliance
  color: green
  confidence: low
  reason: narrow executable package without higher-risk signals
  reasons:
    - narrow executable package without higher-risk signals
  signals:
    - metadata:no-higher-risk-signals
provenance:
  category-sources:
    - Official repository description calls it a giant text-mode clock.
    - source_facts.description says vtclock is a text-mode fullscreen digital clock.
  display-name-sources:
    - Official GitHub repository name is dse/vtclock.
    - source_facts.name is vtclock.
  docs-sources:
    - Official GitHub README is the available project documentation surface.
  repo-sources:
    - >
      source_facts.repo already has https://github.com/dse/vtclock; per instructions
      repo is returned as null.
  tags-sources:
    - Official repository description identifies it as a text-mode clock.
    - source_facts.description identifies a text-mode fullscreen digital clock.
category-confidence: high
category-path:
  - productivity
  - clock
display-name-confidence: high
docs-confidence: high
repo-confidence: high
tags-confidence: high
