id: cask:bleunlock
display-name: BLEUnlock
homepage: https://github.com/ts1/BLEUnlock
repo: https://github.com/ts1/BLEUnlock
package-manager:
  brew-cask: bleunlock
package-manager-url: https://formulae.brew.sh/cask/bleunlock
description: Lock/unlock Apple computers using the proximity of a bluetooth low energy device
applications:
  - BLEUnlock.app
provenance:
  cask: bleunlock
  provider: brew-cask
  source: https://formulae.brew.sh/api/cask.json
