id: brew:conda-lock
display-name: conda-lock
homepage: https://conda.github.io/conda-lock/
repo: null
package-manager:
  brew: conda-lock
package-manager-url: https://formulae.brew.sh/formula/conda-lock
license: MIT
description: Lightweight lockfile for conda environments
executables:
  - conda-lock
provenance:
  formula: conda-lock
  provider: brew
  source: https://formulae.brew.sh/api/formula.json
