id: brew:hblock
display-name: hblock
homepage: https://hblock.molinero.dev/
repo: https://github.com/hectorm/hblock
package-manager:
  brew: hblock
  nix: hblock
  pacman: hblock
package-manager-url: https://formulae.brew.sh/formula/hblock
license: MIT
description: Adblocker that creates a hosts file from multiple sources
executables:
  - hblock
provenance:
  formula: hblock
  provider: brew
  source: https://formulae.brew.sh/api/formula.json
