id: brew:varlock
display-name: varlock
homepage: https://varlock.dev
repo: null
package-manager:
  brew: varlock
package-manager-url: https://formulae.brew.sh/formula/varlock
version: 1.4.0
license: MIT
description: Add declarative schema to .env files using @env-spec decorator comments
source-archive: https://registry.npmjs.org/varlock/-/varlock-1.4.0.tgz
executables:
  - varlock
provenance:
  formula: varlock
  provider: brew
  source: https://formulae.brew.sh/api/formula.json
