id: brew:vtclock
display-name: vtclock
homepage: https://github.com/dse/vtclock
repo: https://github.com/dse/vtclock
package-manager:
  brew: vtclock
package-manager-url: https://formulae.brew.sh/formula/vtclock
license: GPL-2.0-or-later
description: Text-mode fullscreen digital clock
executables:
  - vtclock
provenance:
  formula: vtclock
  provider: brew
  source: https://formulae.brew.sh/api/formula.json
